
Microsoft Visual Studio Solution File, Format Version 12.00
# Visual Studio Version 17
VisualStudioVersion = 17.6.33723.286
MinimumVisualStudioVersion = 10.0.40219.1
Project("{FAE04EC0-301F-11D3-BF4B-00C04F79EFBC}") = "tplApp", "tplApp.csproj", "{6E45F4F8-32A5-400E-BE95-4C4876449AC6}"
EndProject
Global
	GlobalSection(SolutionConfigurationPlatforms) = preSolution
		Debug|Any CPU = Debug|Any CPU
		Release|Any CPU = Release|Any CPU
	EndGlobalSection
	GlobalSection(ProjectConfigurationPlatforms) = postSolution
		{6E45F4F8-32A5-400E-BE95-4C4876449AC6}.Debug|Any CPU.ActiveCfg = Debug|Any CPU
		{6E45F4F8-32A5-400E-BE95-4C4876449AC6}.Debug|Any CPU.Build.0 = Debug|Any CPU
		{6E45F4F8-32A5-400E-BE95-4C4876449AC6}.Release|Any CPU.ActiveCfg = Release|Any CPU
		{6E45F4F8-32A5-400E-BE95-4C4876449AC6}.Release|Any CPU.Build.0 = Release|Any CPU
	EndGlobalSection
	GlobalSection(SolutionProperties) = preSolution
		HideSolutionNode = FALSE
	EndGlobalSection
	GlobalSection(ExtensibilityGlobals) = postSolution
		SolutionGuid = {02A24EE7-5924-4A26-9565-2959FAF590F1}
	EndGlobalSection
EndGlobal
